
Microsoft Visual Studio Solution File, Format Version 12.00
# Visual Studio Version 17
VisualStudioVersion = 17.13.35806.99 d17.13
MinimumVisualStudioVersion = 10.0.40219.1
Project("{FAE04EC0-301F-11D3-BF4B-00C04F79EFBC}") = "数组", "数组\数组.csproj", "{72F4018B-C0CC-40DD-A068-80B24595585C}"
EndProject
Global
	GlobalSection(SolutionConfigurationPlatforms) = preSolution
		Debug|Any CPU = Debug|Any CPU
		Release|Any CPU = Release|Any CPU
	EndGlobalSection
	GlobalSection(ProjectConfigurationPlatforms) = postSolution
		{72F4018B-C0CC-40DD-A068-80B24595585C}.Debug|Any CPU.ActiveCfg = Debug|Any CPU
		{72F4018B-C0CC-40DD-A068-80B24595585C}.Debug|Any CPU.Build.0 = Debug|Any CPU
		{72F4018B-C0CC-40DD-A068-80B24595585C}.Release|Any CPU.ActiveCfg = Release|Any CPU
		{72F4018B-C0CC-40DD-A068-80B24595585C}.Release|Any CPU.Build.0 = Release|Any CPU
	EndGlobalSection
	GlobalSection(SolutionProperties) = preSolution
		HideSolutionNode = FALSE
	EndGlobalSection
	GlobalSection(ExtensibilityGlobals) = postSolution
		SolutionGuid = {08DBB6C5-89DB-412F-9EC2-5DA539072CDF}
	EndGlobalSection
EndGlobal
