<Solution>
  <Folder Name="/解决方案项/">
    <File Path="Text.txt" />
  </Folder>
  <Project Path="AnonymousMethod/AnonymousMethod.csproj" Id="5115aa9e-0b3c-4903-a93a-736a8cb7c889" />
  <Project Path="DelegateUsing/DelegateUsing.csproj" Id="4e6012c1-da9d-4c29-9ecc-3b6e03eb7d83" />
  <Project Path="GenericDelegate/GenericDelegate.csproj" Id="21343c87-dc47-43eb-a46d-0a315827fec9" />
  <Project Path="Observer/Observer.csproj" Id="87ec82f1-2e3f-4d8c-ba63-d93aea1de97c" />
</Solution>
